github.com/davecgh/go-spew v1.1.1 h1:vj9j/u1bqnvCEfJOwUhtlOARqs3+rkHYY13jYWTU97c=
github.com/davecgh/go-spew v1.1.1/go.mod h1:J7Y8YcW2NihsgmVo/mv3lAwl/skON4iLHjSsI+c5H38=
github.com/domonda/go-pretty v0.0.0-20251216083144-fe0d655ca8d7 h1:NbsoOfKEeIhx/bbg2T5cxbNyzze/49sucDJP5eKbbaw=
github.com/domonda/go-pretty v0.0.0-20251216083144-fe0d655ca8d7/go.mod h1:3QkM8UJdyJMeKZiIo7hYzSkQBpRS3k0gOHw4ysyEIB4=
github.com/domonda/go-pretty v0.0.0-20260111174608-d6254099c393 h1:3bzyQ21N4Neo/rVkAG1I7awmhhpPJkThY28s27on/tQ=
github.com/domonda/go-pretty v0.0.0-20260111174608-d6254099c393/go.mod h1:O05JaeEezfZ2ian+t10+JrAZFKadSIsqWdukNtOPEzI=
github.com/domonda/go-pretty v0.0.0-20260111175803-8a597d4b2b88 h1:lPOL8LcYS1YgkyIYoQ+CjayUAId0CBea3atOGdZt7BQ=
github.com/domonda/go-pretty v0.0.0-20260111175803-8a597d4b2b88/go.mod h1:O05JaeEezfZ2ian+t10+JrAZFKadSIsqWdukNtOPEzI=
github.com/domonda/go-pretty v0.0.0-20260112082908-96fe37692898 h1:2rewcM60RPEmkBHDmgceBvgA9s1N+ArKzMKMBMu2X7s=
github.com/domonda/go-pretty v0.0.0-20260112082908-96fe37692898/go.mod h1:O05JaeEezfZ2ian+t10+JrAZFKadSIsqWdukNtOPEzI=
github.com/google/go-cmp v0.6.0 h1:ofyhxvXcZhMsU5ulbFiLKl/XBFqE1GSq7atu8tAmTRI=
github.com/google/go-cmp v0.6.0/go.mod h1:17dUlkBOakJ0+DkrSSNjCkIjxS6bF9zb3elmeNGIjoY=
github.com/pmezard/go-difflib v1.0.0 h1:4DBwDE0NGyQoBHbLQYPwSUPoCMWR5BEzIk/f1lZbAQM=
github.com/pmezard/go-difflib v1.0.0/go.mod h1:iKH77koFhYxTK1pcRnkKkqfTogsbg7gZNVY4sRDYZ/4=
github.com/stretchr/testify v1.11.1 h1:7s2iGBzp5EwR7/aIZr8ao5+dra3wiQyKjjFuvgVKu7U=
github.com/stretchr/testify v1.11.1/go.mod h1:wZwfW3scLgRK+23gO65QZefKpKQRnfz6sD981Nm4B6U=
github.com/ungerik/go-astvisit v0.0.0-20251017171216-b7bb0384dd33 h1:xV30N1y6stpoqp5vt/xJSj6uS1z9wvuI15W0BAplpig=
github.com/ungerik/go-astvisit v0.0.0-20251017171216-b7bb0384dd33/go.mod h1:HSuqDFbjplGwkDoVmkdCNG4fes4IEsQCjS2/DQrfHl8=
golang.org/x/mod v0.31.0 h1:HaW9xtz0+kOcWKwli0ZXy79Ix+UW/vOfmWI5QVd2tgI=
golang.org/x/mod v0.31.0/go.mod h1:43JraMp9cGx1Rx3AqioxrbrhNsLl2l/iNAvuBkrezpg=
golang.org/x/sync v0.19.0 h1:vV+1eWNmZ5geRlYjzm2adRgW2/mcpevXNg50YZtPCE4=
golang.org/x/sync v0.19.0/go.mod h1:9KTHXmSnoGruLpwFjVSX0lNNA75CykiMECbovNTZqGI=
golang.org/x/tools v0.40.0 h1:yLkxfA+Qnul4cs9QA3KnlFu0lVmd8JJfoq+E41uSutA=
golang.org/x/tools v0.40.0/go.mod h1:Ik/tzLRlbscWpqqMRjyWYDisX8bG13FrdXp3o4Sr9lc=
gopkg.in/check.v1 v0.0.0-20161208181325-20d25e280405 h1:yhCVgyC4o1eVCa2tZl7eS0r+SDo693bJlVdllGtEeKM=
gopkg.in/check.v1 v0.0.0-20161208181325-20d25e280405/go.mod h1:Co6ibVJAznAaIkqp8huTwlJQCZ016jof/cbN4VW5Yz0=
gopkg.in/yaml.v3 v3.0.1 h1:fxVm/GzAzEWqLHuvctI91KS9hhNmmWOoWu0XTYJS7CA=
gopkg.in/yaml.v3 v3.0.1/go.mod h1:K4uyk7z7BCEPqu6E+C64Yfv1cQ7kz7rIZviUmN+EgEM=
